
Microsoft Visual Studio Solution File, Format Version 12.00
# Visual Studio Version 17
VisualStudioVersion = 17.5.33516.290
MinimumVisualStudioVersion = 10.0.40219.1
Project("{FAE04EC0-301F-11D3-BF4B-00C04F79EFBC}") = "Bilijar klub", "Bilijar klub\Bilijar klub.csproj", "{B91F030A-D32B-4BEB-91DE-9FC871AA01F9}"
EndProject
Global
	GlobalSection(SolutionConfigurationPlatforms) = preSolution
		Debug|Any CPU = Debug|Any CPU
		Release|Any CPU = Release|Any CPU
	EndGlobalSection
	GlobalSection(ProjectConfigurationPlatforms) = postSolution
		{B91F030A-D32B-4BEB-91DE-9FC871AA01F9}.Debug|Any CPU.ActiveCfg = Debug|Any CPU
		{B91F030A-D32B-4BEB-91DE-9FC871AA01F9}.Debug|Any CPU.Build.0 = Debug|Any CPU
		{B91F030A-D32B-4BEB-91DE-9FC871AA01F9}.Release|Any CPU.ActiveCfg = Release|Any CPU
		{B91F030A-D32B-4BEB-91DE-9FC871AA01F9}.Release|Any CPU.Build.0 = Release|Any CPU
	EndGlobalSection
	GlobalSection(SolutionProperties) = preSolution
		HideSolutionNode = FALSE
	EndGlobalSection
	GlobalSection(ExtensibilityGlobals) = postSolution
		SolutionGuid = {CE7E8A22-BA18-44F9-A2BA-78C481E6ED09}
	EndGlobalSection
EndGlobal
